
Microsoft Visual Studio Solution File, Format Version 12.00
# Visual Studio Version 16
VisualStudioVersion = 16.0.29403.142
MinimumVisualStudioVersion = 10.0.40219.1
Project("{FAE04EC0-301F-11D3-BF4B-00C04F79EFBC}") = "BugTracker", "BugTracker\BugTracker.csproj", "{AF079C12-05CC-4F7F-B113-05CB941F59C1}"
EndProject
Global
	GlobalSection(SolutionConfigurationPlatforms) = preSolution
		Debug|Any CPU = Debug|Any CPU
		Release|Any CPU = Release|Any CPU
	EndGlobalSection
	GlobalSection(ProjectConfigurationPlatforms) = postSolution
		{AF079C12-05CC-4F7F-B113-05CB941F59C1}.Debug|Any CPU.ActiveCfg = Debug|Any CPU
		{AF079C12-05CC-4F7F-B113-05CB941F59C1}.Debug|Any CPU.Build.0 = Debug|Any CPU
		{AF079C12-05CC-4F7F-B113-05CB941F59C1}.Release|Any CPU.ActiveCfg = Release|Any CPU
		{AF079C12-05CC-4F7F-B113-05CB941F59C1}.Release|Any CPU.Build.0 = Release|Any CPU
	EndGlobalSection
	GlobalSection(SolutionProperties) = preSolution
		HideSolutionNode = FALSE
	EndGlobalSection
	GlobalSection(ExtensibilityGlobals) = postSolution
		SolutionGuid = {FBF8AC96-AA83-4F8D-9C5F-EF6B4F6DB08B}
	EndGlobalSection
EndGlobal
